
Microsoft Visual Studio Solution File, Format Version 12.00
# Visual Studio Version 17
VisualStudioVersion = 17.14.36717.8 d17.14
MinimumVisualStudioVersion = 10.0.40219.1
Project("{FAE04EC0-301F-11D3-BF4B-00C04F79EFBC}") = "Escape Room", "Escape Room\Escape Room.csproj", "{9E60E8D8-F93C-4C11-B1CD-CE6DE124E275}"
EndProject
Global
	GlobalSection(SolutionConfigurationPlatforms) = preSolution
		Debug|Any CPU = Debug|Any CPU
		Release|Any CPU = Release|Any CPU
	EndGlobalSection
	GlobalSection(ProjectConfigurationPlatforms) = postSolution
		{9E60E8D8-F93C-4C11-B1CD-CE6DE124E275}.Debug|Any CPU.ActiveCfg = Debug|Any CPU
		{9E60E8D8-F93C-4C11-B1CD-CE6DE124E275}.Debug|Any CPU.Build.0 = Debug|Any CPU
		{9E60E8D8-F93C-4C11-B1CD-CE6DE124E275}.Release|Any CPU.ActiveCfg = Release|Any CPU
		{9E60E8D8-F93C-4C11-B1CD-CE6DE124E275}.Release|Any CPU.Build.0 = Release|Any CPU
	EndGlobalSection
	GlobalSection(SolutionProperties) = preSolution
		HideSolutionNode = FALSE
	EndGlobalSection
	GlobalSection(ExtensibilityGlobals) = postSolution
		SolutionGuid = {0CFC7AE7-58E9-45C4-95A5-0E2D6138A3B7}
	EndGlobalSection
EndGlobal
